
Microsoft Visual Studio Solution File, Format Version 12.00
# Visual Studio Version 17
VisualStudioVersion = 17.13.35919.96
MinimumVisualStudioVersion = 10.0.40219.1
Project("{FAE04EC0-301F-11D3-BF4B-00C04F79EFBC}") = "WorldCup.DataAccess", "WorldCup.DataAccess\WorldCup.DataAccess.csproj", "{5DD2B23A-D3AE-46D0-B824-204E7E894C98}"
EndProject
Project("{FAE04EC0-301F-11D3-BF4B-00C04F79EFBC}") = "WorldCup.Forms", "WorldCup.Forms\WorldCup.Forms.csproj", "{056FA04A-F1D4-490E-9ED3-B0852EAD3CF2}"
EndProject
Project("{FAE04EC0-301F-11D3-BF4B-00C04F79EFBC}") = "WorldCup.WPF", "WorldCup.WPF\WorldCup.WPF.csproj", "{B787C7BD-6B69-4271-8B0F-932C04DB51B8}"
EndProject
Global
	GlobalSection(SolutionConfigurationPlatforms) = preSolution
		Debug|Any CPU = Debug|Any CPU
		Release|Any CPU = Release|Any CPU
	EndGlobalSection
	GlobalSection(ProjectConfigurationPlatforms) = postSolution
		{5DD2B23A-D3AE-46D0-B824-204E7E894C98}.Debug|Any CPU.ActiveCfg = Debug|Any CPU
		{5DD2B23A-D3AE-46D0-B824-204E7E894C98}.Debug|Any CPU.Build.0 = Debug|Any CPU
		{5DD2B23A-D3AE-46D0-B824-204E7E894C98}.Release|Any CPU.ActiveCfg = Release|Any CPU
		{5DD2B23A-D3AE-46D0-B824-204E7E894C98}.Release|Any CPU.Build.0 = Release|Any CPU
		{056FA04A-F1D4-490E-9ED3-B0852EAD3CF2}.Debug|Any CPU.ActiveCfg = Debug|Any CPU
		{056FA04A-F1D4-490E-9ED3-B0852EAD3CF2}.Debug|Any CPU.Build.0 = Debug|Any CPU
		{056FA04A-F1D4-490E-9ED3-B0852EAD3CF2}.Release|Any CPU.ActiveCfg = Release|Any CPU
		{056FA04A-F1D4-490E-9ED3-B0852EAD3CF2}.Release|Any CPU.Build.0 = Release|Any CPU
		{B787C7BD-6B69-4271-8B0F-932C04DB51B8}.Debug|Any CPU.ActiveCfg = Debug|Any CPU
		{B787C7BD-6B69-4271-8B0F-932C04DB51B8}.Debug|Any CPU.Build.0 = Debug|Any CPU
		{B787C7BD-6B69-4271-8B0F-932C04DB51B8}.Release|Any CPU.ActiveCfg = Release|Any CPU
		{B787C7BD-6B69-4271-8B0F-932C04DB51B8}.Release|Any CPU.Build.0 = Release|Any CPU
	EndGlobalSection
	GlobalSection(SolutionProperties) = preSolution
		HideSolutionNode = FALSE
	EndGlobalSection
	GlobalSection(ExtensibilityGlobals) = postSolution
		SolutionGuid = {4F76F936-A6E3-4444-BA58-6BAA54A7C286}
	EndGlobalSection
EndGlobal
